
Microsoft Visual Studio Solution File, Format Version 12.00
# Visual Studio 15
VisualStudioVersion = 15.0.28010.2016
MinimumVisualStudioVersion = 10.0.40219.1
Project("{FAE04EC0-301F-11D3-BF4B-00C04F79EFBC}") = "ZDWebApp", "ZDWebApp\ZDWebApp.csproj", "{40F6188D-1920-47DE-8600-E5096EE0177B}"
EndProject
Project("{E24C65DC-7377-472B-9ABA-BC803B73C61A}") = "WebZD", "WebZD\", "{C1A6761B-0106-4D31-BB55-37B93EBCF7E4}"
	ProjectSection(WebsiteProperties) = preProject
		TargetFrameworkMoniker = ".NETFramework,Version%3Dv4.0"
		Debug.AspNetCompiler.VirtualPath = "/localhost_53546"
		Debug.AspNetCompiler.PhysicalPath = "WebZD\"
		Debug.AspNetCompiler.TargetPath = "PrecompiledWeb\localhost_53546\"
		Debug.AspNetCompiler.Updateable = "true"
		Debug.AspNetCompiler.ForceOverwrite = "true"
		Debug.AspNetCompiler.FixedNames = "false"
		Debug.AspNetCompiler.Debug = "True"
		Release.AspNetCompiler.VirtualPath = "/localhost_53546"
		Release.AspNetCompiler.PhysicalPath = "WebZD\"
		Release.AspNetCompiler.TargetPath = "PrecompiledWeb\localhost_53546\"
		Release.AspNetCompiler.Updateable = "true"
		Release.AspNetCompiler.ForceOverwrite = "true"
		Release.AspNetCompiler.FixedNames = "false"
		Release.AspNetCompiler.Debug = "False"
		VWDPort = "53546"
		SlnRelativePath = "WebZD\"
		DefaultWebSiteLanguage = "Visual C#"
	EndProjectSection
EndProject
Project("{E24C65DC-7377-472B-9ABA-BC803B73C61A}") = "ZDWebSite(3)", "ZDWebSite\", "{F042DEF9-9906-4F67-B698-7E9E65E1AF68}"
	ProjectSection(WebsiteProperties) = preProject
		TargetFrameworkMoniker = ".NETFramework,Version%3Dv4.0"
		Debug.AspNetCompiler.VirtualPath = "/localhost_58142"
		Debug.AspNetCompiler.PhysicalPath = "ZDWebSite\"
		Debug.AspNetCompiler.TargetPath = "PrecompiledWeb\localhost_58142\"
		Debug.AspNetCompiler.Updateable = "true"
		Debug.AspNetCompiler.ForceOverwrite = "true"
		Debug.AspNetCompiler.FixedNames = "false"
		Debug.AspNetCompiler.Debug = "True"
		Release.AspNetCompiler.VirtualPath = "/localhost_58142"
		Release.AspNetCompiler.PhysicalPath = "ZDWebSite\"
		Release.AspNetCompiler.TargetPath = "PrecompiledWeb\localhost_58142\"
		Release.AspNetCompiler.Updateable = "true"
		Release.AspNetCompiler.ForceOverwrite = "true"
		Release.AspNetCompiler.FixedNames = "false"
		Release.AspNetCompiler.Debug = "False"
		VWDPort = "58142"
		SlnRelativePath = "ZDWebSite\"
		DefaultWebSiteLanguage = "Visual C#"
	EndProjectSection
EndProject
Global
	GlobalSection(SolutionConfigurationPlatforms) = preSolution
		Debug|Any CPU = Debug|Any CPU
		Release|Any CPU = Release|Any CPU
	EndGlobalSection
	GlobalSection(ProjectConfigurationPlatforms) = postSolution
		{40F6188D-1920-47DE-8600-E5096EE0177B}.Debug|Any CPU.ActiveCfg = Debug|Any CPU
		{40F6188D-1920-47DE-8600-E5096EE0177B}.Debug|Any CPU.Build.0 = Debug|Any CPU
		{40F6188D-1920-47DE-8600-E5096EE0177B}.Release|Any CPU.ActiveCfg = Release|Any CPU
		{40F6188D-1920-47DE-8600-E5096EE0177B}.Release|Any CPU.Build.0 = Release|Any CPU
		{C1A6761B-0106-4D31-BB55-37B93EBCF7E4}.Debug|Any CPU.ActiveCfg = Debug|Any CPU
		{C1A6761B-0106-4D31-BB55-37B93EBCF7E4}.Debug|Any CPU.Build.0 = Debug|Any CPU
		{C1A6761B-0106-4D31-BB55-37B93EBCF7E4}.Release|Any CPU.ActiveCfg = Debug|Any CPU
		{C1A6761B-0106-4D31-BB55-37B93EBCF7E4}.Release|Any CPU.Build.0 = Debug|Any CPU
		{F042DEF9-9906-4F67-B698-7E9E65E1AF68}.Debug|Any CPU.ActiveCfg = Debug|Any CPU
		{F042DEF9-9906-4F67-B698-7E9E65E1AF68}.Debug|Any CPU.Build.0 = Debug|Any CPU
		{F042DEF9-9906-4F67-B698-7E9E65E1AF68}.Release|Any CPU.ActiveCfg = Debug|Any CPU
		{F042DEF9-9906-4F67-B698-7E9E65E1AF68}.Release|Any CPU.Build.0 = Debug|Any CPU
	EndGlobalSection
	GlobalSection(SolutionProperties) = preSolution
		HideSolutionNode = FALSE
	EndGlobalSection
	GlobalSection(ExtensibilityGlobals) = postSolution
		SolutionGuid = {4F17964F-7B55-4888-AA4B-74361D0F4437}
	EndGlobalSection
EndGlobal
